// !$*UTF8*$!
{
	archiveVersion = 1;
	classes = {
	};
	objectVersion = 42;
	objects = {

/* Begin PBXBuildFile section */
		6091337D1652C9C900B523AD /* AppDelegate.m in Sources */ = {isa = PBXBuildFile; fileRef = 6091337A1652C9C900B523AD /* AppDelegate.m */; };
		6091337E1652C9C900B523AD /* main.m in Sources */ = {isa = PBXBuildFile; fileRef = 6091337B1652C9C900B523AD /* main.m */; };
		609133871652CB3E00B523AD /* ofCode.mm in Sources */ = {isa = PBXBuildFile; fileRef = 609133861652CB3E00B523AD /* ofCode.mm */; };
		BBAB23CB13894F3D00AA2426 /* GLUT.framework in CopyFiles */ = {isa = PBXBuildFile; fileRef = BBAB23BE13894E4700AA2426 /* GLUT.framework */; };
		DD2299B419E74B72008DA586 /* ofxCocoaGLView.mm in Sources */ = {isa = PBXBuildFile; fileRef = DD2299B319E74B72008DA586 /* ofxCocoaGLView.mm */; };
		DD229A3D19E74B9E008DA586 /* jsoncpp.cpp in Sources */ = {isa = PBXBuildFile; fileRef = DD2299BB19E74B9E008DA586 /* jsoncpp.cpp */; };
		DD229A5019E74B9E008DA586 /* Client.cpp in Sources */ = {isa = PBXBuildFile; fileRef = DD2299EC19E74B9E008DA586 /* Client.cpp */; };
		DD229A5119E74B9E008DA586 /* Connection.cpp in Sources */ = {isa = PBXBuildFile; fileRef = DD2299ED19E74B9E008DA586 /* Connection.cpp */; };
		DD229A5219E74B9E008DA586 /* Events.cpp in Sources */ = {isa = PBXBuildFile; fileRef = DD2299EE19E74B9E008DA586 /* Events.cpp */; };
		DD229A5319E74B9E008DA586 /* Protocol.cpp in Sources */ = {isa = PBXBuildFile; fileRef = DD2299EF19E74B9E008DA586 /* Protocol.cpp */; };
		DD229A5419E74B9E008DA586 /* Reactor.cpp in Sources */ = {isa = PBXBuildFile; fileRef = DD2299F019E74B9E008DA586 /* Reactor.cpp */; };
		DD229A5519E74B9E008DA586 /* Server.cpp in Sources */ = {isa = PBXBuildFile; fileRef = DD2299F119E74B9E008DA586 /* Server.cpp */; };
		DD229A6219E7845F008DA586 /* MainMenu.xib in Resources */ = {isa = PBXBuildFile; fileRef = 6091337C1652C9C900B523AD /* MainMenu.xib */; };
		DD353E8919EC97FA0094DD4B /* images.xcassets in Resources */ = {isa = PBXBuildFile; fileRef = DD353E8819EC97FA0094DD4B /* images.xcassets */; };
		DD353EBF19EC9F820094DD4B /* AUParamInfo.cpp in Sources */ = {isa = PBXBuildFile; fileRef = DD353E8F19EC9F820094DD4B /* AUParamInfo.cpp */; };
		DD353EC019EC9F820094DD4B /* CAAUParameter.cpp in Sources */ = {isa = PBXBuildFile; fileRef = DD353E9119EC9F820094DD4B /* CAAUParameter.cpp */; };
		DD353EC119EC9F820094DD4B /* CADebugMacros.cpp in Sources */ = {isa = PBXBuildFile; fileRef = DD353E9319EC9F820094DD4B /* CADebugMacros.cpp */; };
		DD353EC219EC9F820094DD4B /* ofxAudioUnit.cpp in Sources */ = {isa = PBXBuildFile; fileRef = DD353E9619EC9F820094DD4B /* ofxAudioUnit.cpp */; };
		DD353EC319EC9F820094DD4B /* ofxAudioUnitCocoaUtilties.mm in Sources */ = {isa = PBXBuildFile; fileRef = DD353E9919EC9F820094DD4B /* ofxAudioUnitCocoaUtilties.mm */; };
		DD353EC419EC9F820094DD4B /* ofxAudioUnitDSPNode.cpp in Sources */ = {isa = PBXBuildFile; fileRef = DD353E9A19EC9F820094DD4B /* ofxAudioUnitDSPNode.cpp */; };
		DD353EC519EC9F820094DD4B /* ofxAudioUnitFftNode.cpp in Sources */ = {isa = PBXBuildFile; fileRef = DD353E9C19EC9F820094DD4B /* ofxAudioUnitFftNode.cpp */; };
		DD353EC619EC9F820094DD4B /* ofxAudioUnitFilePlayer.cpp in Sources */ = {isa = PBXBuildFile; fileRef = DD353E9E19EC9F820094DD4B /* ofxAudioUnitFilePlayer.cpp */; };
		DD353EC719EC9F820094DD4B /* ofxAudioUnitHardwareUtils.cpp in Sources */ = {isa = PBXBuildFile; fileRef = DD353EA019EC9F820094DD4B /* ofxAudioUnitHardwareUtils.cpp */; };
		DD353EC819EC9F820094DD4B /* ofxAudioUnitInput.cpp in Sources */ = {isa = PBXBuildFile; fileRef = DD353EA219EC9F820094DD4B /* ofxAudioUnitInput.cpp */; };
		DD353EC919EC9F820094DD4B /* ofxAudioUnitMatrixMixer.cpp in Sources */ = {isa = PBXBuildFile; fileRef = DD353EA419EC9F820094DD4B /* ofxAudioUnitMatrixMixer.cpp */; };
		DD353ECA19EC9F820094DD4B /* ofxAudioUnitMidi.cpp in Sources */ = {isa = PBXBuildFile; fileRef = DD353EA619EC9F820094DD4B /* ofxAudioUnitMidi.cpp */; };
		DD353ECB19EC9F820094DD4B /* ofxAudioUnitMixer.cpp in Sources */ = {isa = PBXBuildFile; fileRef = DD353EA819EC9F820094DD4B /* ofxAudioUnitMixer.cpp */; };
		DD353ECC19EC9F820094DD4B /* ofxAudioUnitNetReceive.cpp in Sources */ = {isa = PBXBuildFile; fileRef = DD353EAA19EC9F820094DD4B /* ofxAudioUnitNetReceive.cpp */; };
		DD353ECD19EC9F820094DD4B /* ofxAudioUnitNetSend.cpp in Sources */ = {isa = PBXBuildFile; fileRef = DD353EAC19EC9F820094DD4B /* ofxAudioUnitNetSend.cpp */; };
		DD353ECE19EC9F820094DD4B /* ofxAudioUnitOutput.cpp in Sources */ = {isa = PBXBuildFile; fileRef = DD353EAE19EC9F820094DD4B /* ofxAudioUnitOutput.cpp */; };
		DD353ECF19EC9F820094DD4B /* ofxAudioUnitRecorder.cpp in Sources */ = {isa = PBXBuildFile; fileRef = DD353EB019EC9F820094DD4B /* ofxAudioUnitRecorder.cpp */; };
		DD353ED019EC9F820094DD4B /* ofxAudioUnitSampler.cpp in Sources */ = {isa = PBXBuildFile; fileRef = DD353EB219EC9F820094DD4B /* ofxAudioUnitSampler.cpp */; };
		DD353ED119EC9F820094DD4B /* ofxAudioUnitSpeechSynth.cpp in Sources */ = {isa = PBXBuildFile; fileRef = DD353EB419EC9F820094DD4B /* ofxAudioUnitSpeechSynth.cpp */; };
		DD353ED219EC9F820094DD4B /* ofxAudioUnitTap.cpp in Sources */ = {isa = PBXBuildFile; fileRef = DD353EB619EC9F820094DD4B /* ofxAudioUnitTap.cpp */; };
		DD353ED319EC9F820094DD4B /* TPCircularBuffer.c in Sources */ = {isa = PBXBuildFile; fileRef = DD353EBA19EC9F820094DD4B /* TPCircularBuffer.c */; };
		DD353ED419EC9F820094DD4B /* CoreMIDI.framework in Frameworks */ = {isa = PBXBuildFile; fileRef = DD353EBC19EC9F820094DD4B /* CoreMIDI.framework */; };
		DD353ED519EC9F820094DD4B /* CoreAudioKit.framework in Frameworks */ = {isa = PBXBuildFile; fileRef = DD353EBD19EC9F820094DD4B /* CoreAudioKit.framework */; };
		DD353ED619EC9F820094DD4B /* AudioUnit.framework in Frameworks */ = {isa = PBXBuildFile; fileRef = DD353EBE19EC9F820094DD4B /* AudioUnit.framework */; };
		DD95956019E8288900115E64 /* InterfaceController.m in Sources */ = {isa = PBXBuildFile; fileRef = DD95955F19E8288900115E64 /* InterfaceController.m */; };
		E4328149138ABC9F0047C5CB /* openFrameworksDebug.a in Frameworks */ = {isa = PBXBuildFile; fileRef = E4328148138ABC890047C5CB /* openFrameworksDebug.a */; };
		E45BE97B0E8CC7DD009D7055 /* AGL.framework in Frameworks */ = {isa = PBXBuildFile; fileRef = E45BE9710E8CC7DD009D7055 /* AGL.framework */; };
		E45BE97C0E8CC7DD009D7055 /* ApplicationServices.framework in Frameworks */ = {isa = PBXBuildFile; fileRef = E45BE9720E8CC7DD009D7055 /* ApplicationServices.framework */; };
		E45BE97D0E8CC7DD009D7055 /* AudioToolbox.framework in Frameworks */ = {isa = PBXBuildFile; fileRef = E45BE9730E8CC7DD009D7055 /* AudioToolbox.framework */; };
		E45BE97E0E8CC7DD009D7055 /* Carbon.framework in Frameworks */ = {isa = PBXBuildFile; fileRef = E45BE9740E8CC7DD009D7055 /* Carbon.framework */; };
		E45BE97F0E8CC7DD009D7055 /* CoreAudio.framework in Frameworks */ = {isa = PBXBuildFile; fileRef = E45BE9750E8CC7DD009D7055 /* CoreAudio.framework */; };
		E45BE9800E8CC7DD009D7055 /* CoreFoundation.framework in Frameworks */ = {isa = PBXBuildFile; fileRef = E45BE9760E8CC7DD009D7055 /* CoreFoundation.framework */; };
		E45BE9810E8CC7DD009D7055 /* CoreServices.framework in Frameworks */ = {isa = PBXBuildFile; fileRef = E45BE9770E8CC7DD009D7055 /* CoreServices.framework */; };
		E45BE9830E8CC7DD009D7055 /* OpenGL.framework in Frameworks */ = {isa = PBXBuildFile; fileRef = E45BE9790E8CC7DD009D7055 /* OpenGL.framework */; };
		E45BE9840E8CC7DD009D7055 /* QuickTime.framework in Frameworks */ = {isa = PBXBuildFile; fileRef = E45BE97A0E8CC7DD009D7055 /* QuickTime.framework */; };
		E4C2424710CC5A17004149E2 /* AppKit.framework in Frameworks */ = {isa = PBXBuildFile; fileRef = E4C2424410CC5A17004149E2 /* AppKit.framework */; };
		E4C2424810CC5A17004149E2 /* Cocoa.framework in Frameworks */ = {isa = PBXBuildFile; fileRef = E4C2424510CC5A17004149E2 /* Cocoa.framework */; };
		E4C2424910CC5A17004149E2 /* IOKit.framework in Frameworks */ = {isa = PBXBuildFile; fileRef = E4C2424610CC5A17004149E2 /* IOKit.framework */; };
		E4EB6799138ADC1D00A09F29 /* GLUT.framework in Frameworks */ = {isa = PBXBuildFile; fileRef = BBAB23BE13894E4700AA2426 /* GLUT.framework */; };
		E7E077E515D3B63C0020DFD4 /* CoreVideo.framework in Frameworks */ = {isa = PBXBuildFile; fileRef = E7E077E415D3B63C0020DFD4 /* CoreVideo.framework */; };
		E7E077E815D3B6510020DFD4 /* QTKit.framework in Frameworks */ = {isa = PBXBuildFile; fileRef = E7E077E715D3B6510020DFD4 /* QTKit.framework */; };
		E7F985F815E0DEA3003869B5 /* Accelerate.framework in Frameworks */ = {isa = PBXBuildFile; fileRef = E7F985F515E0DE99003869B5 /* Accelerate.framework */; };
/* End PBXBuildFile section */

/* Begin PBXContainerItemProxy section */
		E4328147138ABC890047C5CB /* PBXContainerItemProxy */ = {
			isa = PBXContainerItemProxy;
			containerPortal = E4328143138ABC890047C5CB /* openFrameworksLib.xcodeproj */;
			proxyType = 2;
			remoteGlobalIDString = E4B27C1510CBEB8E00536013;
			remoteInfo = openFrameworks;
		};
		E4EEB9AB138B136A00A80321 /* PBXContainerItemProxy */ = {
			isa = PBXContainerItemProxy;
			containerPortal = E4328143138ABC890047C5CB /* openFrameworksLib.xcodeproj */;
			proxyType = 1;
			remoteGlobalIDString = E4B27C1410CBEB8E00536013;
			remoteInfo = openFrameworks;
		};
/* End PBXContainerItemProxy section */

/* Begin PBXCopyFilesBuildPhase section */
		E4C2427710CC5ABF004149E2 /* CopyFiles */ = {
			isa = PBXCopyFilesBuildPhase;
			buildActionMask = 2147483647;
			dstPath = "";
			dstSubfolderSpec = 10;
			files = (
				BBAB23CB13894F3D00AA2426 /* GLUT.framework in CopyFiles */,
			);
			runOnlyForDeploymentPostprocessing = 0;
		};
/* End PBXCopyFilesBuildPhase section */

/* Begin PBXFileReference section */
		608B6AAC16A78AAD00144EF4 /* openFrameworks-Info.plist */ = {isa = PBXFileReference; fileEncoding = 4; lastKnownFileType = text.plist.xml; path = "openFrameworks-Info.plist"; sourceTree = "<group>"; };
		609133791652C9C900B523AD /* AppDelegate.h */ = {isa = PBXFileReference; fileEncoding = 4; lastKnownFileType = sourcecode.c.h; path = AppDelegate.h; sourceTree = "<group>"; };
		6091337A1652C9C900B523AD /* AppDelegate.m */ = {isa = PBXFileReference; fileEncoding = 4; lastKnownFileType = sourcecode.c.objc; path = AppDelegate.m; sourceTree = "<group>"; };
		6091337B1652C9C900B523AD /* main.m */ = {isa = PBXFileReference; fileEncoding = 4; lastKnownFileType = sourcecode.c.objc; path = main.m; sourceTree = "<group>"; };
		6091337C1652C9C900B523AD /* MainMenu.xib */ = {isa = PBXFileReference; fileEncoding = 4; lastKnownFileType = file.xib; path = MainMenu.xib; sourceTree = "<group>"; };
		609133851652CB3E00B523AD /* ofCode.h */ = {isa = PBXFileReference; fileEncoding = 4; lastKnownFileType = sourcecode.c.h; path = ofCode.h; sourceTree = "<group>"; };
		609133861652CB3E00B523AD /* ofCode.mm */ = {isa = PBXFileReference; fileEncoding = 4; lastKnownFileType = sourcecode.cpp.objcpp; path = ofCode.mm; sourceTree = "<group>"; };
		BBAB23BE13894E4700AA2426 /* GLUT.framework */ = {isa = PBXFileReference; lastKnownFileType = wrapper.framework; name = GLUT.framework; path = ../../../libs/glut/lib/osx/GLUT.framework; sourceTree = "<group>"; };
		DD2299B219E74B72008DA586 /* ofxCocoaGLView.h */ = {isa = PBXFileReference; lastKnownFileType = sourcecode.c.h; path = ofxCocoaGLView.h; sourceTree = "<group>"; };
		DD2299B319E74B72008DA586 /* ofxCocoaGLView.mm */ = {isa = PBXFileReference; lastKnownFileType = sourcecode.cpp.objcpp; path = ofxCocoaGLView.mm; sourceTree = "<group>"; };
		DD2299BB19E74B9E008DA586 /* jsoncpp.cpp */ = {isa = PBXFileReference; fileEncoding = 4; lastKnownFileType = sourcecode.cpp.cpp; path = jsoncpp.cpp; sourceTree = "<group>"; };
		DD2299EC19E74B9E008DA586 /* Client.cpp */ = {isa = PBXFileReference; fileEncoding = 4; lastKnownFileType = sourcecode.cpp.cpp; path = Client.cpp; sourceTree = "<group>"; };
		DD2299ED19E74B9E008DA586 /* Connection.cpp */ = {isa = PBXFileReference; fileEncoding = 4; lastKnownFileType = sourcecode.cpp.cpp; path = Connection.cpp; sourceTree = "<group>"; };
		DD2299EE19E74B9E008DA586 /* Events.cpp */ = {isa = PBXFileReference; fileEncoding = 4; lastKnownFileType = sourcecode.cpp.cpp; path = Events.cpp; sourceTree = "<group>"; };
		DD2299EF19E74B9E008DA586 /* Protocol.cpp */ = {isa = PBXFileReference; fileEncoding = 4; lastKnownFileType = sourcecode.cpp.cpp; path = Protocol.cpp; sourceTree = "<group>"; };
		DD2299F019E74B9E008DA586 /* Reactor.cpp */ = {isa = PBXFileReference; fileEncoding = 4; lastKnownFileType = sourcecode.cpp.cpp; path = Reactor.cpp; sourceTree = "<group>"; };
		DD2299F119E74B9E008DA586 /* Server.cpp */ = {isa = PBXFileReference; fileEncoding = 4; lastKnownFileType = sourcecode.cpp.cpp; path = Server.cpp; sourceTree = "<group>"; };
		DD229A3C19E74B9E008DA586 /* ofxLibwebsockets.h */ = {isa = PBXFileReference; fileEncoding = 4; lastKnownFileType = sourcecode.c.h; path = ofxLibwebsockets.h; sourceTree = "<group>"; };
		DD229A5C19E74C96008DA586 /* json-forwards.h */ = {isa = PBXFileReference; fileEncoding = 4; lastKnownFileType = sourcecode.c.h; path = "json-forwards.h"; sourceTree = "<group>"; };
		DD229A5D19E74C96008DA586 /* json.h */ = {isa = PBXFileReference; fileEncoding = 4; lastKnownFileType = sourcecode.c.h; path = json.h; sourceTree = "<group>"; };
		DD353E8819EC97FA0094DD4B /* images.xcassets */ = {isa = PBXFileReference; lastKnownFileType = folder.assetcatalog; path = images.xcassets; sourceTree = "<group>"; };
		DD353E8F19EC9F820094DD4B /* AUParamInfo.cpp */ = {isa = PBXFileReference; lastKnownFileType = sourcecode.cpp.cpp; path = AUParamInfo.cpp; sourceTree = "<group>"; };
		DD353E9019EC9F820094DD4B /* AUParamInfo.h */ = {isa = PBXFileReference; lastKnownFileType = sourcecode.c.h; path = AUParamInfo.h; sourceTree = "<group>"; };
		DD353E9119EC9F820094DD4B /* CAAUParameter.cpp */ = {isa = PBXFileReference; lastKnownFileType = sourcecode.cpp.cpp; path = CAAUParameter.cpp; sourceTree = "<group>"; };
		DD353E9219EC9F820094DD4B /* CAAUParameter.h */ = {isa = PBXFileReference; lastKnownFileType = sourcecode.c.h; path = CAAUParameter.h; sourceTree = "<group>"; };
		DD353E9319EC9F820094DD4B /* CADebugMacros.cpp */ = {isa = PBXFileReference; lastKnownFileType = sourcecode.cpp.cpp; path = CADebugMacros.cpp; sourceTree = "<group>"; };
		DD353E9419EC9F820094DD4B /* CADebugMacros.h */ = {isa = PBXFileReference; lastKnownFileType = sourcecode.c.h; path = CADebugMacros.h; sourceTree = "<group>"; };
		DD353E9519EC9F820094DD4B /* CAXException.h */ = {isa = PBXFileReference; lastKnownFileType = sourcecode.c.h; path = CAXException.h; sourceTree = "<group>"; };
		DD353E9619EC9F820094DD4B /* ofxAudioUnit.cpp */ = {isa = PBXFileReference; lastKnownFileType = sourcecode.cpp.cpp; path = ofxAudioUnit.cpp; sourceTree = "<group>"; };
		DD353E9719EC9F820094DD4B /* ofxAudioUnit.h */ = {isa = PBXFileReference; lastKnownFileType = sourcecode.c.h; path = ofxAudioUnit.h; sourceTree = "<group>"; };
		DD353E9819EC9F820094DD4B /* ofxAudioUnitBase.h */ = {isa = PBXFileReference; lastKnownFileType = sourcecode.c.h; path = ofxAudioUnitBase.h; sourceTree = "<group>"; };
		DD353E9919EC9F820094DD4B /* ofxAudioUnitCocoaUtilties.mm */ = {isa = PBXFileReference; lastKnownFileType = sourcecode.cpp.objcpp; path = ofxAudioUnitCocoaUtilties.mm; sourceTree = "<group>"; };
		DD353E9A19EC9F820094DD4B /* ofxAudioUnitDSPNode.cpp */ = {isa = PBXFileReference; lastKnownFileType = sourcecode.cpp.cpp; path = ofxAudioUnitDSPNode.cpp; sourceTree = "<group>"; };
		DD353E9B19EC9F820094DD4B /* ofxAudioUnitDSPNode.h */ = {isa = PBXFileReference; lastKnownFileType = sourcecode.c.h; path = ofxAudioUnitDSPNode.h; sourceTree = "<group>"; };
		DD353E9C19EC9F820094DD4B /* ofxAudioUnitFftNode.cpp */ = {isa = PBXFileReference; lastKnownFileType = sourcecode.cpp.cpp; path = ofxAudioUnitFftNode.cpp; sourceTree = "<group>"; };
		DD353E9D19EC9F820094DD4B /* ofxAudioUnitFftNode.h */ = {isa = PBXFileReference; lastKnownFileType = sourcecode.c.h; path = ofxAudioUnitFftNode.h; sourceTree = "<group>"; };
		DD353E9E19EC9F820094DD4B /* ofxAudioUnitFilePlayer.cpp */ = {isa = PBXFileReference; lastKnownFileType = sourcecode.cpp.cpp; path = ofxAudioUnitFilePlayer.cpp; sourceTree = "<group>"; };
		DD353E9F19EC9F820094DD4B /* ofxAudioUnitFilePlayer.h */ = {isa = PBXFileReference; lastKnownFileType = sourcecode.c.h; path = ofxAudioUnitFilePlayer.h; sourceTree = "<group>"; };
		DD353EA019EC9F820094DD4B /* ofxAudioUnitHardwareUtils.cpp */ = {isa = PBXFileReference; lastKnownFileType = sourcecode.cpp.cpp; path = ofxAudioUnitHardwareUtils.cpp; sourceTree = "<group>"; };
		DD353EA119EC9F820094DD4B /* ofxAudioUnitHardwareUtils.h */ = {isa = PBXFileReference; lastKnownFileType = sourcecode.c.h; path = ofxAudioUnitHardwareUtils.h; sourceTree = "<group>"; };
		DD353EA219EC9F820094DD4B /* ofxAudioUnitInput.cpp */ = {isa = PBXFileReference; lastKnownFileType = sourcecode.cpp.cpp; path = ofxAudioUnitInput.cpp; sourceTree = "<group>"; };
		DD353EA319EC9F820094DD4B /* ofxAudioUnitInput.h */ = {isa = PBXFileReference; lastKnownFileType = sourcecode.c.h; path = ofxAudioUnitInput.h; sourceTree = "<group>"; };
		DD353EA419EC9F820094DD4B /* ofxAudioUnitMatrixMixer.cpp */ = {isa = PBXFileReference; lastKnownFileType = sourcecode.cpp.cpp; path = ofxAudioUnitMatrixMixer.cpp; sourceTree = "<group>"; };
		DD353EA519EC9F820094DD4B /* ofxAudioUnitMatrixMixer.h */ = {isa = PBXFileReference; lastKnownFileType = sourcecode.c.h; path = ofxAudioUnitMatrixMixer.h; sourceTree = "<group>"; };
		DD353EA619EC9F820094DD4B /* ofxAudioUnitMidi.cpp */ = {isa = PBXFileReference; lastKnownFileType = sourcecode.cpp.cpp; path = ofxAudioUnitMidi.cpp; sourceTree = "<group>"; };
		DD353EA719EC9F820094DD4B /* ofxAudioUnitMidi.h */ = {isa = PBXFileReference; lastKnownFileType = sourcecode.c.h; path = ofxAudioUnitMidi.h; sourceTree = "<group>"; };
		DD353EA819EC9F820094DD4B /* ofxAudioUnitMixer.cpp */ = {isa = PBXFileReference; lastKnownFileType = sourcecode.cpp.cpp; path = ofxAudioUnitMixer.cpp; sourceTree = "<group>"; };
		DD353EA919EC9F820094DD4B /* ofxAudioUnitMixer.h */ = {isa = PBXFileReference; lastKnownFileType = sourcecode.c.h; path = ofxAudioUnitMixer.h; sourceTree = "<group>"; };
		DD353EAA19EC9F820094DD4B /* ofxAudioUnitNetReceive.cpp */ = {isa = PBXFileReference; lastKnownFileType = sourcecode.cpp.cpp; path = ofxAudioUnitNetReceive.cpp; sourceTree = "<group>"; };
		DD353EAB19EC9F820094DD4B /* ofxAudioUnitNetReceive.h */ = {isa = PBXFileReference; lastKnownFileType = sourcecode.c.h; path = ofxAudioUnitNetReceive.h; sourceTree = "<group>"; };
		DD353EAC19EC9F820094DD4B /* ofxAudioUnitNetSend.cpp */ = {isa = PBXFileReference; lastKnownFileType = sourcecode.cpp.cpp; path = ofxAudioUnitNetSend.cpp; sourceTree = "<group>"; };
		DD353EAD19EC9F820094DD4B /* ofxAudioUnitNetSend.h */ = {isa = PBXFileReference; lastKnownFileType = sourcecode.c.h; path = ofxAudioUnitNetSend.h; sourceTree = "<group>"; };
		DD353EAE19EC9F820094DD4B /* ofxAudioUnitOutput.cpp */ = {isa = PBXFileReference; lastKnownFileType = sourcecode.cpp.cpp; path = ofxAudioUnitOutput.cpp; sourceTree = "<group>"; };
		DD353EAF19EC9F820094DD4B /* ofxAudioUnitOutput.h */ = {isa = PBXFileReference; lastKnownFileType = sourcecode.c.h; path = ofxAudioUnitOutput.h; sourceTree = "<group>"; };
		DD353EB019EC9F820094DD4B /* ofxAudioUnitRecorder.cpp */ = {isa = PBXFileReference; lastKnownFileType = sourcecode.cpp.cpp; path = ofxAudioUnitRecorder.cpp; sourceTree = "<group>"; };
		DD353EB119EC9F820094DD4B /* ofxAudioUnitRecorder.h */ = {isa = PBXFileReference; lastKnownFileType = sourcecode.c.h; path = ofxAudioUnitRecorder.h; sourceTree = "<group>"; };
		DD353EB219EC9F820094DD4B /* ofxAudioUnitSampler.cpp */ = {isa = PBXFileReference; lastKnownFileType = sourcecode.cpp.cpp; path = ofxAudioUnitSampler.cpp; sourceTree = "<group>"; };
		DD353EB319EC9F820094DD4B /* ofxAudioUnitSampler.h */ = {isa = PBXFileReference; lastKnownFileType = sourcecode.c.h; path = ofxAudioUnitSampler.h; sourceTree = "<group>"; };
		DD353EB419EC9F820094DD4B /* ofxAudioUnitSpeechSynth.cpp */ = {isa = PBXFileReference; lastKnownFileType = sourcecode.cpp.cpp; path = ofxAudioUnitSpeechSynth.cpp; sourceTree = "<group>"; };
		DD353EB519EC9F820094DD4B /* ofxAudioUnitSpeechSynth.h */ = {isa = PBXFileReference; lastKnownFileType = sourcecode.c.h; path = ofxAudioUnitSpeechSynth.h; sourceTree = "<group>"; };
		DD353EB619EC9F820094DD4B /* ofxAudioUnitTap.cpp */ = {isa = PBXFileReference; lastKnownFileType = sourcecode.cpp.cpp; path = ofxAudioUnitTap.cpp; sourceTree = "<group>"; };
		DD353EB719EC9F820094DD4B /* ofxAudioUnitTap.h */ = {isa = PBXFileReference; lastKnownFileType = sourcecode.c.h; path = ofxAudioUnitTap.h; sourceTree = "<group>"; };
		DD353EB819EC9F820094DD4B /* ofxAudioUnitUtils.h */ = {isa = PBXFileReference; lastKnownFileType = sourcecode.c.h; path = ofxAudioUnitUtils.h; sourceTree = "<group>"; };
		DD353EBA19EC9F820094DD4B /* TPCircularBuffer.c */ = {isa = PBXFileReference; lastKnownFileType = sourcecode.c.c; path = TPCircularBuffer.c; sourceTree = "<group>"; };
		DD353EBB19EC9F820094DD4B /* TPCircularBuffer.h */ = {isa = PBXFileReference; lastKnownFileType = sourcecode.c.h; path = TPCircularBuffer.h; sourceTree = "<group>"; };
		DD353EBC19EC9F820094DD4B /* CoreMIDI.framework */ = {isa = PBXFileReference; lastKnownFileType = wrapper.framework; name = CoreMIDI.framework; path = ../../../../../../../../System/Library/Frameworks/CoreMIDI.framework; sourceTree = "<group>"; };
		DD353EBD19EC9F820094DD4B /* CoreAudioKit.framework */ = {isa = PBXFileReference; lastKnownFileType = wrapper.framework; name = CoreAudioKit.framework; path = ../../../../../../../../System/Library/Frameworks/CoreAudioKit.framework; sourceTree = "<group>"; };
		DD353EBE19EC9F820094DD4B /* AudioUnit.framework */ = {isa = PBXFileReference; lastKnownFileType = wrapper.framework; name = AudioUnit.framework; path = ../../../../../../../../System/Library/Frameworks/AudioUnit.framework; sourceTree = "<group>"; };
		DD95955E19E8288900115E64 /* InterfaceController.h */ = {isa = PBXFileReference; fileEncoding = 4; lastKnownFileType = sourcecode.c.h; path = InterfaceController.h; sourceTree = "<group>"; };
		DD95955F19E8288900115E64 /* InterfaceController.m */ = {isa = PBXFileReference; fileEncoding = 4; lastKnownFileType = sourcecode.c.objc; path = InterfaceController.m; sourceTree = "<group>"; };
		E4328143138ABC890047C5CB /* openFrameworksLib.xcodeproj */ = {isa = PBXFileReference; lastKnownFileType = "wrapper.pb-project"; name = openFrameworksLib.xcodeproj; path = ../../../libs/openFrameworksCompiled/project/osx/openFrameworksLib.xcodeproj; sourceTree = SOURCE_ROOT; };
		E45BE9710E8CC7DD009D7055 /* AGL.framework */ = {isa = PBXFileReference; lastKnownFileType = wrapper.framework; name = AGL.framework; path = /System/Library/Frameworks/AGL.framework; sourceTree = "<absolute>"; };
		E45BE9720E8CC7DD009D7055 /* ApplicationServices.framework */ = {isa = PBXFileReference; lastKnownFileType = wrapper.framework; name = ApplicationServices.framework; path = /System/Library/Frameworks/ApplicationServices.framework; sourceTree = "<absolute>"; };
		E45BE9730E8CC7DD009D7055 /* AudioToolbox.framework */ = {isa = PBXFileReference; lastKnownFileType = wrapper.framework; name = AudioToolbox.framework; path = /System/Library/Frameworks/AudioToolbox.framework; sourceTree = "<absolute>"; };
		E45BE9740E8CC7DD009D7055 /* Carbon.framework */ = {isa = PBXFileReference; lastKnownFileType = wrapper.framework; name = Carbon.framework; path = /System/Library/Frameworks/Carbon.framework; sourceTree = "<absolute>"; };
		E45BE9750E8CC7DD009D7055 /* CoreAudio.framework */ = {isa = PBXFileReference; lastKnownFileType = wrapper.framework; name = CoreAudio.framework; path = /System/Library/Frameworks/CoreAudio.framework; sourceTree = "<absolute>"; };
		E45BE9760E8CC7DD009D7055 /* CoreFoundation.framework */ = {isa = PBXFileReference; lastKnownFileType = wrapper.framework; name = CoreFoundation.framework; path = /System/Library/Frameworks/CoreFoundation.framework; sourceTree = "<absolute>"; };
		E45BE9770E8CC7DD009D7055 /* CoreServices.framework */ = {isa = PBXFileReference; lastKnownFileType = wrapper.framework; name = CoreServices.framework; path = /System/Library/Frameworks/CoreServices.framework; sourceTree = "<absolute>"; };
		E45BE9790E8CC7DD009D7055 /* OpenGL.framework */ = {isa = PBXFileReference; lastKnownFileType = wrapper.framework; name = OpenGL.framework; path = /System/Library/Frameworks/OpenGL.framework; sourceTree = "<absolute>"; };
		E45BE97A0E8CC7DD009D7055 /* QuickTime.framework */ = {isa = PBXFileReference; lastKnownFileType = wrapper.framework; name = QuickTime.framework; path = /System/Library/Frameworks/QuickTime.framework; sourceTree = "<absolute>"; };
		E4B69B5B0A3A1756003C02F2 /* PresenceDebug.app */ = {isa = PBXFileReference; explicitFileType = wrapper.application; includeInIndex = 0; path = PresenceDebug.app; sourceTree = BUILT_PRODUCTS_DIR; };
		E4C2424410CC5A17004149E2 /* AppKit.framework */ = {isa = PBXFileReference; lastKnownFileType = wrapper.framework; name = AppKit.framework; path = /System/Library/Frameworks/AppKit.framework; sourceTree = "<absolute>"; };
		E4C2424510CC5A17004149E2 /* Cocoa.framework */ = {isa = PBXFileReference; lastKnownFileType = wrapper.framework; name = Cocoa.framework; path = /System/Library/Frameworks/Cocoa.framework; sourceTree = "<absolute>"; };
		E4C2424610CC5A17004149E2 /* IOKit.framework */ = {isa = PBXFileReference; lastKnownFileType = wrapper.framework; name = IOKit.framework; path = /System/Library/Frameworks/IOKit.framework; sourceTree = "<absolute>"; };
		E4EB691F138AFCF100A09F29 /* CoreOF.xcconfig */ = {isa = PBXFileReference; fileEncoding = 4; lastKnownFileType = text.xcconfig; name = CoreOF.xcconfig; path = ../../../libs/openFrameworksCompiled/project/osx/CoreOF.xcconfig; sourceTree = SOURCE_ROOT; };
		E4EB6923138AFD0F00A09F29 /* Project.xcconfig */ = {isa = PBXFileReference; fileEncoding = 4; lastKnownFileType = text.xcconfig; path = Project.xcconfig; sourceTree = "<group>"; };
		E7E077E415D3B63C0020DFD4 /* CoreVideo.framework */ = {isa = PBXFileReference; lastKnownFileType = wrapper.framework; name = CoreVideo.framework; path = /System/Library/Frameworks/CoreVideo.framework; sourceTree = "<absolute>"; };
		E7E077E715D3B6510020DFD4 /* QTKit.framework */ = {isa = PBXFileReference; lastKnownFileType = wrapper.framework; name = QTKit.framework; path = /System/Library/Frameworks/QTKit.framework; sourceTree = "<absolute>"; };
		E7F985F515E0DE99003869B5 /* Accelerate.framework */ = {isa = PBXFileReference; lastKnownFileType = wrapper.framework; name = Accelerate.framework; path = /System/Library/Frameworks/Accelerate.framework; sourceTree = "<absolute>"; };
/* End PBXFileReference section */

/* Begin PBXFrameworksBuildPhase section */
		E4B69B590A3A1756003C02F2 /* Frameworks */ = {
			isa = PBXFrameworksBuildPhase;
			buildActionMask = 2147483647;
			files = (
				E7F985F815E0DEA3003869B5 /* Accelerate.framework in Frameworks */,
				E7E077E815D3B6510020DFD4 /* QTKit.framework in Frameworks */,
				E4EB6799138ADC1D00A09F29 /* GLUT.framework in Frameworks */,
				E4328149138ABC9F0047C5CB /* openFrameworksDebug.a in Frameworks */,
				DD353ED519EC9F820094DD4B /* CoreAudioKit.framework in Frameworks */,
				DD353ED619EC9F820094DD4B /* AudioUnit.framework in Frameworks */,
				E45BE97B0E8CC7DD009D7055 /* AGL.framework in Frameworks */,
				E45BE97C0E8CC7DD009D7055 /* ApplicationServices.framework in Frameworks */,
				E45BE97D0E8CC7DD009D7055 /* AudioToolbox.framework in Frameworks */,
				E45BE97E0E8CC7DD009D7055 /* Carbon.framework in Frameworks */,
				E45BE97F0E8CC7DD009D7055 /* CoreAudio.framework in Frameworks */,
				E45BE9800E8CC7DD009D7055 /* CoreFoundation.framework in Frameworks */,
				E45BE9810E8CC7DD009D7055 /* CoreServices.framework in Frameworks */,
				E45BE9830E8CC7DD009D7055 /* OpenGL.framework in Frameworks */,
				E45BE9840E8CC7DD009D7055 /* QuickTime.framework in Frameworks */,
				E4C2424710CC5A17004149E2 /* AppKit.framework in Frameworks */,
				E4C2424810CC5A17004149E2 /* Cocoa.framework in Frameworks */,
				E4C2424910CC5A17004149E2 /* IOKit.framework in Frameworks */,
				DD353ED419EC9F820094DD4B /* CoreMIDI.framework in Frameworks */,
				E7E077E515D3B63C0020DFD4 /* CoreVideo.framework in Frameworks */,
			);
			runOnlyForDeploymentPostprocessing = 0;
		};
/* End PBXFrameworksBuildPhase section */

/* Begin PBXGroup section */
		BB4B014C10F69532006C3DED /* addons */ = {
			isa = PBXGroup;
			children = (
				DD353E8C19EC9F820094DD4B /* ofxAudioUnit */,
				DD2299B519E74B86008DA586 /* ofxLibWebsockets */,
				DD2299B019E74B72008DA586 /* ofxCocoaGLView */,
			);
			name = addons;
			sourceTree = "<group>";
		};
		BBAB23C913894ECA00AA2426 /* system frameworks */ = {
			isa = PBXGroup;
			children = (
				E7F985F515E0DE99003869B5 /* Accelerate.framework */,
				E4C2424410CC5A17004149E2 /* AppKit.framework */,
				E4C2424510CC5A17004149E2 /* Cocoa.framework */,
				E4C2424610CC5A17004149E2 /* IOKit.framework */,
				E45BE9710E8CC7DD009D7055 /* AGL.framework */,
				E45BE9720E8CC7DD009D7055 /* ApplicationServices.framework */,
				E45BE9730E8CC7DD009D7055 /* AudioToolbox.framework */,
				E45BE9740E8CC7DD009D7055 /* Carbon.framework */,
				E45BE9750E8CC7DD009D7055 /* CoreAudio.framework */,
				E45BE9760E8CC7DD009D7055 /* CoreFoundation.framework */,
				E45BE9770E8CC7DD009D7055 /* CoreServices.framework */,
				E45BE9790E8CC7DD009D7055 /* OpenGL.framework */,
				E45BE97A0E8CC7DD009D7055 /* QuickTime.framework */,
				E7E077E415D3B63C0020DFD4 /* CoreVideo.framework */,
				E7E077E715D3B6510020DFD4 /* QTKit.framework */,
			);
			name = "system frameworks";
			sourceTree = "<group>";
		};
		BBAB23CA13894EDB00AA2426 /* 3rd party frameworks */ = {
			isa = PBXGroup;
			children = (
				BBAB23BE13894E4700AA2426 /* GLUT.framework */,
			);
			name = "3rd party frameworks";
			sourceTree = "<group>";
		};
		DD2299B019E74B72008DA586 /* ofxCocoaGLView */ = {
			isa = PBXGroup;
			children = (
				DD2299B119E74B72008DA586 /* src */,
			);
			name = ofxCocoaGLView;
			sourceTree = "<group>";
		};
		DD2299B119E74B72008DA586 /* src */ = {
			isa = PBXGroup;
			children = (
				DD2299B219E74B72008DA586 /* ofxCocoaGLView.h */,
				DD2299B319E74B72008DA586 /* ofxCocoaGLView.mm */,
			);
			name = src;
			path = ../../../addons/ofxCocoaGLView/src;
			sourceTree = "<group>";
		};
		DD2299B519E74B86008DA586 /* ofxLibWebsockets */ = {
			isa = PBXGroup;
			children = (
				DD2299B619E74B9E008DA586 /* libs */,
				DD229A3B19E74B9E008DA586 /* src */,
			);
			name = ofxLibWebsockets;
			sourceTree = "<group>";
		};
		DD2299B619E74B9E008DA586 /* libs */ = {
			isa = PBXGroup;
			children = (
				DD2299B719E74B9E008DA586 /* jsoncpp */,
				DD2299E119E74B9E008DA586 /* ofxLibwebsockets */,
			);
			name = libs;
			path = ../../../addons/ofxLibwebsockets/libs;
			sourceTree = "<group>";
		};
		DD2299B719E74B9E008DA586 /* jsoncpp */ = {
			isa = PBXGroup;
			children = (
				DD229A5B19E74C96008DA586 /* json */,
				DD2299BB19E74B9E008DA586 /* jsoncpp.cpp */,
			);
			path = jsoncpp;
			sourceTree = "<group>";
		};
		DD2299E119E74B9E008DA586 /* ofxLibwebsockets */ = {
			isa = PBXGroup;
			children = (
				DD2299EB19E74B9E008DA586 /* src */,
			);
			path = ofxLibwebsockets;
			sourceTree = "<group>";
		};
		DD2299EB19E74B9E008DA586 /* src */ = {
			isa = PBXGroup;
			children = (
				DD2299EC19E74B9E008DA586 /* Client.cpp */,
				DD2299ED19E74B9E008DA586 /* Connection.cpp */,
				DD2299EE19E74B9E008DA586 /* Events.cpp */,
				DD2299EF19E74B9E008DA586 /* Protocol.cpp */,
				DD2299F019E74B9E008DA586 /* Reactor.cpp */,
				DD2299F119E74B9E008DA586 /* Server.cpp */,
			);
			path = src;
			sourceTree = "<group>";
		};
		DD229A3B19E74B9E008DA586 /* src */ = {
			isa = PBXGroup;
			children = (
				DD229A3C19E74B9E008DA586 /* ofxLibwebsockets.h */,
			);
			name = src;
			path = ../../../addons/ofxLibwebsockets/src;
			sourceTree = "<group>";
		};
		DD229A5B19E74C96008DA586 /* json */ = {
			isa = PBXGroup;
			children = (
				DD229A5C19E74C96008DA586 /* json-forwards.h */,
				DD229A5D19E74C96008DA586 /* json.h */,
			);
			path = json;
			sourceTree = "<group>";
		};
		DD353E8C19EC9F820094DD4B /* ofxAudioUnit */ = {
			isa = PBXGroup;
			children = (
				DD353E8D19EC9F820094DD4B /* src */,
				DD353EBC19EC9F820094DD4B /* CoreMIDI.framework */,
				DD353EBD19EC9F820094DD4B /* CoreAudioKit.framework */,
				DD353EBE19EC9F820094DD4B /* AudioUnit.framework */,
			);
			name = ofxAudioUnit;
			sourceTree = "<group>";
		};
		DD353E8D19EC9F820094DD4B /* src */ = {
			isa = PBXGroup;
			children = (
				DD353E8E19EC9F820094DD4B /* CAPublicUtility */,
				DD353E9619EC9F820094DD4B /* ofxAudioUnit.cpp */,
				DD353E9719EC9F820094DD4B /* ofxAudioUnit.h */,
				DD353E9819EC9F820094DD4B /* ofxAudioUnitBase.h */,
				DD353E9919EC9F820094DD4B /* ofxAudioUnitCocoaUtilties.mm */,
				DD353E9A19EC9F820094DD4B /* ofxAudioUnitDSPNode.cpp */,
				DD353E9B19EC9F820094DD4B /* ofxAudioUnitDSPNode.h */,
				DD353E9C19EC9F820094DD4B /* ofxAudioUnitFftNode.cpp */,
				DD353E9D19EC9F820094DD4B /* ofxAudioUnitFftNode.h */,
				DD353E9E19EC9F820094DD4B /* ofxAudioUnitFilePlayer.cpp */,
				DD353E9F19EC9F820094DD4B /* ofxAudioUnitFilePlayer.h */,
				DD353EA019EC9F820094DD4B /* ofxAudioUnitHardwareUtils.cpp */,
				DD353EA119EC9F820094DD4B /* ofxAudioUnitHardwareUtils.h */,
				DD353EA219EC9F820094DD4B /* ofxAudioUnitInput.cpp */,
				DD353EA319EC9F820094DD4B /* ofxAudioUnitInput.h */,
				DD353EA419EC9F820094DD4B /* ofxAudioUnitMatrixMixer.cpp */,
				DD353EA519EC9F820094DD4B /* ofxAudioUnitMatrixMixer.h */,
				DD353EA619EC9F820094DD4B /* ofxAudioUnitMidi.cpp */,
				DD353EA719EC9F820094DD4B /* ofxAudioUnitMidi.h */,
				DD353EA819EC9F820094DD4B /* ofxAudioUnitMixer.cpp */,
				DD353EA919EC9F820094DD4B /* ofxAudioUnitMixer.h */,
				DD353EAA19EC9F820094DD4B /* ofxAudioUnitNetReceive.cpp */,
				DD353EAB19EC9F820094DD4B /* ofxAudioUnitNetReceive.h */,
				DD353EAC19EC9F820094DD4B /* ofxAudioUnitNetSend.cpp */,
				DD353EAD19EC9F820094DD4B /* ofxAudioUnitNetSend.h */,
				DD353EAE19EC9F820094DD4B /* ofxAudioUnitOutput.cpp */,
				DD353EAF19EC9F820094DD4B /* ofxAudioUnitOutput.h */,
				DD353EB019EC9F820094DD4B /* ofxAudioUnitRecorder.cpp */,
				DD353EB119EC9F820094DD4B /* ofxAudioUnitRecorder.h */,
				DD353EB219EC9F820094DD4B /* ofxAudioUnitSampler.cpp */,
				DD353EB319EC9F820094DD4B /* ofxAudioUnitSampler.h */,
				DD353EB419EC9F820094DD4B /* ofxAudioUnitSpeechSynth.cpp */,
				DD353EB519EC9F820094DD4B /* ofxAudioUnitSpeechSynth.h */,
				DD353EB619EC9F820094DD4B /* ofxAudioUnitTap.cpp */,
				DD353EB719EC9F820094DD4B /* ofxAudioUnitTap.h */,
				DD353EB819EC9F820094DD4B /* ofxAudioUnitUtils.h */,
				DD353EB919EC9F820094DD4B /* TPCircularBuffer */,
			);
			name = src;
			path = ../../../addons/ofxAudioUnit/src;
			sourceTree = "<group>";
		};
		DD353E8E19EC9F820094DD4B /* CAPublicUtility */ = {
			isa = PBXGroup;
			children = (
				DD353E8F19EC9F820094DD4B /* AUParamInfo.cpp */,
				DD353E9019EC9F820094DD4B /* AUParamInfo.h */,
				DD353E9119EC9F820094DD4B /* CAAUParameter.cpp */,
				DD353E9219EC9F820094DD4B /* CAAUParameter.h */,
				DD353E9319EC9F820094DD4B /* CADebugMacros.cpp */,
				DD353E9419EC9F820094DD4B /* CADebugMacros.h */,
				DD353E9519EC9F820094DD4B /* CAXException.h */,
			);
			path = CAPublicUtility;
			sourceTree = "<group>";
		};
		DD353EB919EC9F820094DD4B /* TPCircularBuffer */ = {
			isa = PBXGroup;
			children = (
				DD353EBA19EC9F820094DD4B /* TPCircularBuffer.c */,
				DD353EBB19EC9F820094DD4B /* TPCircularBuffer.h */,
			);
			path = TPCircularBuffer;
			sourceTree = "<group>";
		};
		E4328144138ABC890047C5CB /* Products */ = {
			isa = PBXGroup;
			children = (
				E4328148138ABC890047C5CB /* openFrameworksDebug.a */,
			);
			name = Products;
			sourceTree = "<group>";
		};
		E45BE5980E8CC70C009D7055 /* frameworks */ = {
			isa = PBXGroup;
			children = (
				BBAB23CA13894EDB00AA2426 /* 3rd party frameworks */,
				BBAB23C913894ECA00AA2426 /* system frameworks */,
			);
			name = frameworks;
			sourceTree = "<group>";
		};
		E4B69B4A0A3A1720003C02F2 = {
			isa = PBXGroup;
			children = (
				DD353E8819EC97FA0094DD4B /* images.xcassets */,
				608B6AAC16A78AAD00144EF4 /* openFrameworks-Info.plist */,
				E4EB6923138AFD0F00A09F29 /* Project.xcconfig */,
				E4B69E1C0A3A1BDC003C02F2 /* src */,
				E4EEC9E9138DF44700A80321 /* openFrameworks */,
				BB4B014C10F69532006C3DED /* addons */,
				E45BE5980E8CC70C009D7055 /* frameworks */,
				E4B69B5B0A3A1756003C02F2 /* PresenceDebug.app */,
			);
			sourceTree = "<group>";
		};
		E4B69E1C0A3A1BDC003C02F2 /* src */ = {
			isa = PBXGroup;
			children = (
				609133851652CB3E00B523AD /* ofCode.h */,
				609133861652CB3E00B523AD /* ofCode.mm */,
				609133791652C9C900B523AD /* AppDelegate.h */,
				6091337A1652C9C900B523AD /* AppDelegate.m */,
				6091337B1652C9C900B523AD /* main.m */,
				6091337C1652C9C900B523AD /* MainMenu.xib */,
				DD95955E19E8288900115E64 /* InterfaceController.h */,
				DD95955F19E8288900115E64 /* InterfaceController.m */,
			);
			path = src;
			sourceTree = SOURCE_ROOT;
		};
		E4EEC9E9138DF44700A80321 /* openFrameworks */ = {
			isa = PBXGroup;
			children = (
				E4EB691F138AFCF100A09F29 /* CoreOF.xcconfig */,
				E4328143138ABC890047C5CB /* openFrameworksLib.xcodeproj */,
			);
			name = openFrameworks;
			sourceTree = "<group>";
		};
/* End PBXGroup section */

/* Begin PBXNativeTarget section */
		E4B69B5A0A3A1756003C02F2 /* example-button */ = {
			isa = PBXNativeTarget;
			buildConfigurationList = E4B69B5F0A3A1757003C02F2 /* Build configuration list for PBXNativeTarget "example-button" */;
			buildPhases = (
				DD229A6119E78459008DA586 /* Resources */,
				E4B69B580A3A1756003C02F2 /* Sources */,
				E4B69B590A3A1756003C02F2 /* Frameworks */,
				E4B6FFFD0C3F9AB9008CF71C /* ShellScript */,
				E4C2427710CC5ABF004149E2 /* CopyFiles */,
			);
			buildRules = (
			);
			dependencies = (
				E4EEB9AC138B136A00A80321 /* PBXTargetDependency */,
			);
			name = "example-button";
			productName = myOFApp;
			productReference = E4B69B5B0A3A1756003C02F2 /* PresenceDebug.app */;
			productType = "com.apple.product-type.application";
		};
/* End PBXNativeTarget section */

/* Begin PBXProject section */
		E4B69B4C0A3A1720003C02F2 /* Project object */ = {
			isa = PBXProject;
			attributes = {
			};
			buildConfigurationList = E4B69B4D0A3A1720003C02F2 /* Build configuration list for PBXProject "Presence" */;
			compatibilityVersion = "Xcode 2.4";
			developmentRegion = English;
			hasScannedForEncodings = 0;
			knownRegions = (
				English,
				Japanese,
				French,
				German,
			);
			mainGroup = E4B69B4A0A3A1720003C02F2;
			productRefGroup = E4B69B4A0A3A1720003C02F2;
			projectDirPath = "";
			projectReferences = (
				{
					ProductGroup = E4328144138ABC890047C5CB /* Products */;
					ProjectRef = E4328143138ABC890047C5CB /* openFrameworksLib.xcodeproj */;
				},
			);
			projectRoot = "";
			targets = (
				E4B69B5A0A3A1756003C02F2 /* example-button */,
			);
		};
/* End PBXProject section */

/* Begin PBXReferenceProxy section */
		E4328148138ABC890047C5CB /* openFrameworksDebug.a */ = {
			isa = PBXReferenceProxy;
			fileType = archive.ar;
			path = openFrameworksDebug.a;
			remoteRef = E4328147138ABC890047C5CB /* PBXContainerItemProxy */;
			sourceTree = BUILT_PRODUCTS_DIR;
		};
/* End PBXReferenceProxy section */

/* Begin PBXResourcesBuildPhase section */
		DD229A6119E78459008DA586 /* Resources */ = {
			isa = PBXResourcesBuildPhase;
			buildActionMask = 2147483647;
			files = (
				DD229A6219E7845F008DA586 /* MainMenu.xib in Resources */,
				DD353E8919EC97FA0094DD4B /* images.xcassets in Resources */,
			);
			runOnlyForDeploymentPostprocessing = 0;
		};
/* End PBXResourcesBuildPhase section */

/* Begin PBXShellScriptBuildPhase section */
		E4B6FFFD0C3F9AB9008CF71C /* ShellScript */ = {
			isa = PBXShellScriptBuildPhase;
			buildActionMask = 2147483647;
			files = (
			);
			inputPaths = (
			);
			outputPaths = (
			);
			runOnlyForDeploymentPostprocessing = 0;
			shellPath = /bin/sh;
			shellScript = "cp -f ../../../libs/fmodex/lib/osx/libfmodex.dylib \"$TARGET_BUILD_DIR/$PRODUCT_NAME.app/Contents/MacOS/libfmodex.dylib\"; install_name_tool -change ./libfmodex.dylib @executable_path/libfmodex.dylib \"$TARGET_BUILD_DIR/$PRODUCT_NAME.app/Contents/MacOS/$PRODUCT_NAME\";";
		};
/* End PBXShellScriptBuildPhase section */

/* Begin PBXSourcesBuildPhase section */
		E4B69B580A3A1756003C02F2 /* Sources */ = {
			isa = PBXSourcesBuildPhase;
			buildActionMask = 2147483647;
			files = (
				DD353ED319EC9F820094DD4B /* TPCircularBuffer.c in Sources */,
				DD353EC419EC9F820094DD4B /* ofxAudioUnitDSPNode.cpp in Sources */,
				DD353EC219EC9F820094DD4B /* ofxAudioUnit.cpp in Sources */,
				DD229A3D19E74B9E008DA586 /* jsoncpp.cpp in Sources */,
				DD353EC819EC9F820094DD4B /* ofxAudioUnitInput.cpp in Sources */,
				DD95956019E8288900115E64 /* InterfaceController.m in Sources */,
				DD353EC319EC9F820094DD4B /* ofxAudioUnitCocoaUtilties.mm in Sources */,
				DD229A5219E74B9E008DA586 /* Events.cpp in Sources */,
				DD353ECB19EC9F820094DD4B /* ofxAudioUnitMixer.cpp in Sources */,
				DD353ED219EC9F820094DD4B /* ofxAudioUnitTap.cpp in Sources */,
				DD353ECA19EC9F820094DD4B /* ofxAudioUnitMidi.cpp in Sources */,
				DD229A5019E74B9E008DA586 /* Client.cpp in Sources */,
				DD353ECC19EC9F820094DD4B /* ofxAudioUnitNetReceive.cpp in Sources */,
				DD353ECE19EC9F820094DD4B /* ofxAudioUnitOutput.cpp in Sources */,
				DD353EBF19EC9F820094DD4B /* AUParamInfo.cpp in Sources */,
				DD229A5519E74B9E008DA586 /* Server.cpp in Sources */,
				DD353ECD19EC9F820094DD4B /* ofxAudioUnitNetSend.cpp in Sources */,
				DD229A5119E74B9E008DA586 /* Connection.cpp in Sources */,
				DD353EC519EC9F820094DD4B /* ofxAudioUnitFftNode.cpp in Sources */,
				DD353EC919EC9F820094DD4B /* ofxAudioUnitMatrixMixer.cpp in Sources */,
				6091337D1652C9C900B523AD /* AppDelegate.m in Sources */,
				DD2299B419E74B72008DA586 /* ofxCocoaGLView.mm in Sources */,
				DD353EC719EC9F820094DD4B /* ofxAudioUnitHardwareUtils.cpp in Sources */,
				6091337E1652C9C900B523AD /* main.m in Sources */,
				DD229A5419E74B9E008DA586 /* Reactor.cpp in Sources */,
				DD353EC619EC9F820094DD4B /* ofxAudioUnitFilePlayer.cpp in Sources */,
				DD229A5319E74B9E008DA586 /* Protocol.cpp in Sources */,
				DD353ECF19EC9F820094DD4B /* ofxAudioUnitRecorder.cpp in Sources */,
				609133871652CB3E00B523AD /* ofCode.mm in Sources */,
				DD353EC119EC9F820094DD4B /* CADebugMacros.cpp in Sources */,
				DD353EC019EC9F820094DD4B /* CAAUParameter.cpp in Sources */,
				DD353ED019EC9F820094DD4B /* ofxAudioUnitSampler.cpp in Sources */,
				DD353ED119EC9F820094DD4B /* ofxAudioUnitSpeechSynth.cpp in Sources */,
			);
			runOnlyForDeploymentPostprocessing = 0;
		};
/* End PBXSourcesBuildPhase section */

/* Begin PBXTargetDependency section */
		E4EEB9AC138B136A00A80321 /* PBXTargetDependency */ = {
			isa = PBXTargetDependency;
			name = openFrameworks;
			targetProxy = E4EEB9AB138B136A00A80321 /* PBXContainerItemProxy */;
		};
/* End PBXTargetDependency section */

/* Begin XCBuildConfiguration section */
		E4B69B4E0A3A1720003C02F2 /* Debug */ = {
			isa = XCBuildConfiguration;
			baseConfigurationReference = E4EB6923138AFD0F00A09F29 /* Project.xcconfig */;
			buildSettings = {
				ARCHS = "$(NATIVE_ARCH)";
				CONFIGURATION_BUILD_DIR = "$(SRCROOT)/bin/";
				COPY_PHASE_STRIP = NO;
				DEAD_CODE_STRIPPING = YES;
				GCC_AUTO_VECTORIZATION = YES;
				GCC_ENABLE_SSE3_EXTENSIONS = YES;
				GCC_ENABLE_SUPPLEMENTAL_SSE3_INSTRUCTIONS = YES;
				GCC_INLINES_ARE_PRIVATE_EXTERN = NO;
				GCC_OPTIMIZATION_LEVEL = 0;
				GCC_SYMBOLS_PRIVATE_EXTERN = NO;
				GCC_WARN_ABOUT_DEPRECATED_FUNCTIONS = YES;
				GCC_WARN_ABOUT_INVALID_OFFSETOF_MACRO = NO;
				GCC_WARN_ALLOW_INCOMPLETE_PROTOCOL = NO;
				GCC_WARN_UNINITIALIZED_AUTOS = NO;
				GCC_WARN_UNUSED_VALUE = NO;
				GCC_WARN_UNUSED_VARIABLE = NO;
				OTHER_CPLUSPLUSFLAGS = (
					"-D__MACOSX_CORE__",
					"-lpthread",
					"-mtune=native",
				);
			};
			name = Debug;
		};
		E4B69B4F0A3A1720003C02F2 /* Release */ = {
			isa = XCBuildConfiguration;
			baseConfigurationReference = E4EB6923138AFD0F00A09F29 /* Project.xcconfig */;
			buildSettings = {
				ARCHS = "$(NATIVE_ARCH)";
				CONFIGURATION_BUILD_DIR = "$(SRCROOT)/bin/";
				COPY_PHASE_STRIP = YES;
				DEAD_CODE_STRIPPING = YES;
				GCC_AUTO_VECTORIZATION = YES;
				GCC_ENABLE_SSE3_EXTENSIONS = YES;
				GCC_ENABLE_SUPPLEMENTAL_SSE3_INSTRUCTIONS = YES;
				GCC_INLINES_ARE_PRIVATE_EXTERN = NO;
				GCC_OPTIMIZATION_LEVEL = 3;
				GCC_SYMBOLS_PRIVATE_EXTERN = NO;
				GCC_UNROLL_LOOPS = YES;
				GCC_WARN_ABOUT_DEPRECATED_FUNCTIONS = YES;
				GCC_WARN_ABOUT_INVALID_OFFSETOF_MACRO = NO;
				GCC_WARN_ALLOW_INCOMPLETE_PROTOCOL = NO;
				GCC_WARN_UNINITIALIZED_AUTOS = NO;
				GCC_WARN_UNUSED_VALUE = NO;
				GCC_WARN_UNUSED_VARIABLE = NO;
				OTHER_CPLUSPLUSFLAGS = (
					"-D__MACOSX_CORE__",
					"-lpthread",
					"-mtune=native",
				);
			};
			name = Release;
		};
		E4B69B600A3A1757003C02F2 /* Debug */ = {
			isa = XCBuildConfiguration;
			buildSettings = {
				COPY_PHASE_STRIP = NO;
				FRAMEWORK_SEARCH_PATHS = (
					"$(inherited)",
					"$(FRAMEWORK_SEARCH_PATHS_QUOTED_FOR_TARGET_1)",
				);
				FRAMEWORK_SEARCH_PATHS_QUOTED_FOR_TARGET_1 = "\"$(SRCROOT)/../../../libs/glut/lib/osx\"";
				GCC_DYNAMIC_NO_PIC = NO;
				GCC_ENABLE_FIX_AND_CONTINUE = YES;
				GCC_GENERATE_DEBUGGING_SYMBOLS = YES;
				GCC_MODEL_TUNING = NONE;
				GCC_PRECOMPILE_PREFIX_HEADER = YES;
				GCC_PREFIX_HEADER = "$(SYSTEM_LIBRARY_DIR)/Frameworks/Carbon.framework/Headers/Carbon.h";
				INFOPLIST_FILE = "openFrameworks-Info.plist";
				INSTALL_PATH = "$(HOME)/Applications";
				LIBRARY_SEARCH_PATHS = (
					"$(inherited)",
					"$(LIBRARY_SEARCH_PATHS_QUOTED_FOR_TARGET_1)",
					"$(LIBRARY_SEARCH_PATHS_QUOTED_FOR_TARGET_2)",
					"$(LIBRARY_SEARCH_PATHS_QUOTED_FOR_TARGET_3)",
					"$(LIBRARY_SEARCH_PATHS_QUOTED_FOR_TARGET_4)",
					"$(LIBRARY_SEARCH_PATHS_QUOTED_FOR_TARGET_5)",
					"$(LIBRARY_SEARCH_PATHS_QUOTED_FOR_TARGET_6)",
					"$(LIBRARY_SEARCH_PATHS_QUOTED_FOR_TARGET_7)",
					"$(LIBRARY_SEARCH_PATHS_QUOTED_FOR_TARGET_8)",
					"$(LIBRARY_SEARCH_PATHS_QUOTED_FOR_TARGET_9)",
					"$(LIBRARY_SEARCH_PATHS_QUOTED_FOR_TARGET_10)",
					"$(LIBRARY_SEARCH_PATHS_QUOTED_FOR_TARGET_11)",
					"$(LIBRARY_SEARCH_PATHS_QUOTED_FOR_TARGET_12)",
					"$(LIBRARY_SEARCH_PATHS_QUOTED_FOR_TARGET_13)",
					"$(LIBRARY_SEARCH_PATHS_QUOTED_FOR_TARGET_14)",
					"$(LIBRARY_SEARCH_PATHS_QUOTED_FOR_TARGET_15)",
					"$(LIBRARY_SEARCH_PATHS_QUOTED_FOR_TARGET_2)",
					"$(LIBRARY_SEARCH_PATHS_QUOTED_FOR_TARGET_3)",
					"$(LIBRARY_SEARCH_PATHS_QUOTED_FOR_TARGET_7)",
					"$(LIBRARY_SEARCH_PATHS_QUOTED_FOR_TARGET_8)",
					"$(LIBRARY_SEARCH_PATHS_QUOTED_FOR_TARGET_9)",
					"$(LIBRARY_SEARCH_PATHS_QUOTED_FOR_TARGET_10)",
					"$(LIBRARY_SEARCH_PATHS_QUOTED_FOR_TARGET_11)",
					"$(LIBRARY_SEARCH_PATHS_QUOTED_FOR_TARGET_12)",
					"$(LIBRARY_SEARCH_PATHS_QUOTED_FOR_TARGET_13)",
					"$(LIBRARY_SEARCH_PATHS_QUOTED_FOR_TARGET_16)",
					"$(LIBRARY_SEARCH_PATHS_QUOTED_FOR_TARGET_17)",
					"$(LIBRARY_SEARCH_PATHS_QUOTED_FOR_TARGET_18)",
					"$(LIBRARY_SEARCH_PATHS_QUOTED_FOR_TARGET_19)",
					"$(LIBRARY_SEARCH_PATHS_QUOTED_FOR_TARGET_20)",
					"$(LIBRARY_SEARCH_PATHS_QUOTED_FOR_TARGET_21)",
					"$(LIBRARY_SEARCH_PATHS_QUOTED_FOR_TARGET_22)",
					"$(LIBRARY_SEARCH_PATHS_QUOTED_FOR_TARGET_23)",
					"$(LIBRARY_SEARCH_PATHS_QUOTED_FOR_TARGET_24)",
					"$(LIBRARY_SEARCH_PATHS_QUOTED_FOR_TARGET_25)",
					"$(LIBRARY_SEARCH_PATHS_QUOTED_FOR_TARGET_26)",
					"$(LIBRARY_SEARCH_PATHS_QUOTED_FOR_TARGET_27)",
					"$(LIBRARY_SEARCH_PATHS_QUOTED_FOR_TARGET_28)",
					"$(LIBRARY_SEARCH_PATHS_QUOTED_FOR_TARGET_29)",
					"$(LIBRARY_SEARCH_PATHS_QUOTED_FOR_TARGET_30)",
					"$(LIBRARY_SEARCH_PATHS_QUOTED_FOR_TARGET_31)",
					"$(LIBRARY_SEARCH_PATHS_QUOTED_FOR_TARGET_32)",
					"$(LIBRARY_SEARCH_PATHS_QUOTED_FOR_TARGET_33)",
					"$(LIBRARY_SEARCH_PATHS_QUOTED_FOR_TARGET_34)",
					"$(LIBRARY_SEARCH_PATHS_QUOTED_FOR_TARGET_35)",
					"$(LIBRARY_SEARCH_PATHS_QUOTED_FOR_TARGET_36)",
					"$(LIBRARY_SEARCH_PATHS_QUOTED_FOR_TARGET_37)",
					"$(LIBRARY_SEARCH_PATHS_QUOTED_FOR_TARGET_38)",
					"$(LIBRARY_SEARCH_PATHS_QUOTED_FOR_TARGET_39)",
					"$(LIBRARY_SEARCH_PATHS_QUOTED_FOR_TARGET_40)",
					"$(LIBRARY_SEARCH_PATHS_QUOTED_FOR_TARGET_41)",
					"$(LIBRARY_SEARCH_PATHS_QUOTED_FOR_TARGET_42)",
					"$(LIBRARY_SEARCH_PATHS_QUOTED_FOR_TARGET_43)",
					"$(LIBRARY_SEARCH_PATHS_QUOTED_FOR_TARGET_44)",
					"$(LIBRARY_SEARCH_PATHS_QUOTED_FOR_TARGET_45)",
					"$(LIBRARY_SEARCH_PATHS_QUOTED_FOR_TARGET_46)",
					"$(LIBRARY_SEARCH_PATHS_QUOTED_FOR_TARGET_47)",
					"$(LIBRARY_SEARCH_PATHS_QUOTED_FOR_TARGET_48)",
					"$(LIBRARY_SEARCH_PATHS_QUOTED_FOR_TARGET_49)",
					"$(LIBRARY_SEARCH_PATHS_QUOTED_FOR_TARGET_50)",
					"$(LIBRARY_SEARCH_PATHS_QUOTED_FOR_TARGET_51)",
					"$(LIBRARY_SEARCH_PATHS_QUOTED_FOR_TARGET_52)",
					/Users/jonas/Development/openframeworks/of_v0.8.4_osx_release/addons/ofxLibwebsockets/libs/libwebsockets/lib/osx,
					/Users/jonas/Development/openframeworks/of_v0.8.4_osx_release/addons/ofxLibwebsockets/libs/libwebsockets/lib/win32/Debug,
					/Users/jonas/Development/openframeworks/of_v0.8.4_osx_release/addons/ofxLibwebsockets/libs/libwebsockets/lib/win32/Release,
					/Users/jonas/Development/openframeworks/of_v0.8.4_osx_release/addons/ofxLibwebsockets/libs/openssl/lib/osx,
					/Users/jonas/Development/openframeworks/of_v0.8.4_osx_release/addons/ofxLibwebsockets/libs/openssl/lib/win32,
				);
				PREBINDING = NO;
				PRODUCT_NAME = PresenceDebug;
				WRAPPER_EXTENSION = app;
			};
			name = Debug;
		};
		E4B69B610A3A1757003C02F2 /* Release */ = {
			isa = XCBuildConfiguration;
			buildSettings = {
				COPY_PHASE_STRIP = YES;
				FRAMEWORK_SEARCH_PATHS = (
					"$(inherited)",
					"$(FRAMEWORK_SEARCH_PATHS_QUOTED_FOR_TARGET_1)",
				);
				FRAMEWORK_SEARCH_PATHS_QUOTED_FOR_TARGET_1 = "\"$(SRCROOT)/../../../libs/glut/lib/osx\"";
				GCC_ENABLE_FIX_AND_CONTINUE = NO;
				GCC_GENERATE_DEBUGGING_SYMBOLS = YES;
				GCC_MODEL_TUNING = NONE;
				GCC_PRECOMPILE_PREFIX_HEADER = YES;
				GCC_PREFIX_HEADER = "$(SYSTEM_LIBRARY_DIR)/Frameworks/Carbon.framework/Headers/Carbon.h";
				INFOPLIST_FILE = "openFrameworks-Info.plist";
				INSTALL_PATH = "$(HOME)/Applications";
				LIBRARY_SEARCH_PATHS = (
					"$(inherited)",
					"$(LIBRARY_SEARCH_PATHS_QUOTED_FOR_TARGET_1)",
					"$(LIBRARY_SEARCH_PATHS_QUOTED_FOR_TARGET_2)",
					"$(LIBRARY_SEARCH_PATHS_QUOTED_FOR_TARGET_3)",
					"$(LIBRARY_SEARCH_PATHS_QUOTED_FOR_TARGET_4)",
					"$(LIBRARY_SEARCH_PATHS_QUOTED_FOR_TARGET_5)",
					"$(LIBRARY_SEARCH_PATHS_QUOTED_FOR_TARGET_6)",
					"$(LIBRARY_SEARCH_PATHS_QUOTED_FOR_TARGET_7)",
					"$(LIBRARY_SEARCH_PATHS_QUOTED_FOR_TARGET_8)",
					"$(LIBRARY_SEARCH_PATHS_QUOTED_FOR_TARGET_9)",
					"$(LIBRARY_SEARCH_PATHS_QUOTED_FOR_TARGET_10)",
					"$(LIBRARY_SEARCH_PATHS_QUOTED_FOR_TARGET_11)",
					"$(LIBRARY_SEARCH_PATHS_QUOTED_FOR_TARGET_12)",
					"$(LIBRARY_SEARCH_PATHS_QUOTED_FOR_TARGET_13)",
					"$(LIBRARY_SEARCH_PATHS_QUOTED_FOR_TARGET_14)",
					"$(LIBRARY_SEARCH_PATHS_QUOTED_FOR_TARGET_15)",
					"$(LIBRARY_SEARCH_PATHS_QUOTED_FOR_TARGET_2)",
					"$(LIBRARY_SEARCH_PATHS_QUOTED_1)",
					"$(LIBRARY_SEARCH_PATHS_QUOTED_FOR_TARGET_3)",
					"$(LIBRARY_SEARCH_PATHS_QUOTED_FOR_TARGET_7)",
					"$(LIBRARY_SEARCH_PATHS_QUOTED_FOR_TARGET_8)",
					"$(LIBRARY_SEARCH_PATHS_QUOTED_FOR_TARGET_9)",
					"$(LIBRARY_SEARCH_PATHS_QUOTED_FOR_TARGET_10)",
					"$(LIBRARY_SEARCH_PATHS_QUOTED_FOR_TARGET_11)",
					"$(LIBRARY_SEARCH_PATHS_QUOTED_FOR_TARGET_12)",
					"$(LIBRARY_SEARCH_PATHS_QUOTED_FOR_TARGET_13)",
					"$(LIBRARY_SEARCH_PATHS_QUOTED_FOR_TARGET_16)",
					"$(LIBRARY_SEARCH_PATHS_QUOTED_FOR_TARGET_17)",
					"$(LIBRARY_SEARCH_PATHS_QUOTED_FOR_TARGET_18)",
					"$(LIBRARY_SEARCH_PATHS_QUOTED_FOR_TARGET_19)",
					"$(LIBRARY_SEARCH_PATHS_QUOTED_FOR_TARGET_20)",
					"$(LIBRARY_SEARCH_PATHS_QUOTED_FOR_TARGET_21)",
					"$(LIBRARY_SEARCH_PATHS_QUOTED_FOR_TARGET_22)",
					"$(LIBRARY_SEARCH_PATHS_QUOTED_FOR_TARGET_23)",
					"$(LIBRARY_SEARCH_PATHS_QUOTED_FOR_TARGET_24)",
					"$(LIBRARY_SEARCH_PATHS_QUOTED_FOR_TARGET_25)",
					"$(LIBRARY_SEARCH_PATHS_QUOTED_FOR_TARGET_26)",
					"$(LIBRARY_SEARCH_PATHS_QUOTED_FOR_TARGET_27)",
					"$(LIBRARY_SEARCH_PATHS_QUOTED_FOR_TARGET_28)",
					"$(LIBRARY_SEARCH_PATHS_QUOTED_FOR_TARGET_29)",
					"$(LIBRARY_SEARCH_PATHS_QUOTED_FOR_TARGET_30)",
					"$(LIBRARY_SEARCH_PATHS_QUOTED_FOR_TARGET_31)",
					"$(LIBRARY_SEARCH_PATHS_QUOTED_FOR_TARGET_32)",
					"$(LIBRARY_SEARCH_PATHS_QUOTED_FOR_TARGET_33)",
					"$(LIBRARY_SEARCH_PATHS_QUOTED_FOR_TARGET_34)",
					"$(LIBRARY_SEARCH_PATHS_QUOTED_FOR_TARGET_35)",
					"$(LIBRARY_SEARCH_PATHS_QUOTED_FOR_TARGET_36)",
					"$(LIBRARY_SEARCH_PATHS_QUOTED_FOR_TARGET_37)",
					"$(LIBRARY_SEARCH_PATHS_QUOTED_FOR_TARGET_38)",
					"$(LIBRARY_SEARCH_PATHS_QUOTED_FOR_TARGET_39)",
					"$(LIBRARY_SEARCH_PATHS_QUOTED_FOR_TARGET_40)",
					"$(LIBRARY_SEARCH_PATHS_QUOTED_FOR_TARGET_41)",
					"$(LIBRARY_SEARCH_PATHS_QUOTED_FOR_TARGET_42)",
					"$(LIBRARY_SEARCH_PATHS_QUOTED_FOR_TARGET_43)",
					"$(LIBRARY_SEARCH_PATHS_QUOTED_FOR_TARGET_44)",
					"$(LIBRARY_SEARCH_PATHS_QUOTED_FOR_TARGET_45)",
					"$(LIBRARY_SEARCH_PATHS_QUOTED_FOR_TARGET_46)",
					"$(LIBRARY_SEARCH_PATHS_QUOTED_FOR_TARGET_47)",
					"$(LIBRARY_SEARCH_PATHS_QUOTED_FOR_TARGET_48)",
					"$(LIBRARY_SEARCH_PATHS_QUOTED_FOR_TARGET_49)",
					"$(LIBRARY_SEARCH_PATHS_QUOTED_FOR_TARGET_50)",
					"$(LIBRARY_SEARCH_PATHS_QUOTED_FOR_TARGET_51)",
					/Users/jonas/Development/openframeworks/of_v0.8.4_osx_release/addons/ofxLibwebsockets/libs/libwebsockets/lib/osx,
					/Users/jonas/Development/openframeworks/of_v0.8.4_osx_release/addons/ofxLibwebsockets/libs/libwebsockets/lib/win32/Debug,
					/Users/jonas/Development/openframeworks/of_v0.8.4_osx_release/addons/ofxLibwebsockets/libs/libwebsockets/lib/win32/Release,
					/Users/jonas/Development/openframeworks/of_v0.8.4_osx_release/addons/ofxLibwebsockets/libs/openssl/lib/osx,
					/Users/jonas/Development/openframeworks/of_v0.8.4_osx_release/addons/ofxLibwebsockets/libs/openssl/lib/win32,
				);
				PREBINDING = NO;
				PRODUCT_NAME = Presence;
				WRAPPER_EXTENSION = app;
			};
			name = Release;
		};
/* End XCBuildConfiguration section */

/* Begin XCConfigurationList section */
		E4B69B4D0A3A1720003C02F2 /* Build configuration list for PBXProject "Presence" */ = {
			isa = XCConfigurationList;
			buildConfigurations = (
				E4B69B4E0A3A1720003C02F2 /* Debug */,
				E4B69B4F0A3A1720003C02F2 /* Release */,
			);
			defaultConfigurationIsVisible = 0;
			defaultConfigurationName = Release;
		};
		E4B69B5F0A3A1757003C02F2 /* Build configuration list for PBXNativeTarget "example-button" */ = {
			isa = XCConfigurationList;
			buildConfigurations = (
				E4B69B600A3A1757003C02F2 /* Debug */,
				E4B69B610A3A1757003C02F2 /* Release */,
			);
			defaultConfigurationIsVisible = 0;
			defaultConfigurationName = Release;
		};
/* End XCConfigurationList section */
	};
	rootObject = E4B69B4C0A3A1720003C02F2 /* Project object */;
}
